
Microsoft Visual Studio Solution File, Format Version 12.00
# Visual Studio Version 16
VisualStudioVersion = 16.0.30503.244
MinimumVisualStudioVersion = 10.0.40219.1
Project("{FAE04EC0-301F-11D3-BF4B-00C04F79EFBC}") = "CreateClass", "CreateClass.csproj", "{78DC11FA-E34D-44B4-BAF8-312BBE2ED38F}"
EndProject
Global
	GlobalSection(SolutionConfigurationPlatforms) = preSolution
		Debug|Any CPU = Debug|Any CPU
		Release|Any CPU = Release|Any CPU
	EndGlobalSection
	GlobalSection(ProjectConfigurationPlatforms) = postSolution
		{78DC11FA-E34D-44B4-BAF8-312BBE2ED38F}.Debug|Any CPU.ActiveCfg = Debug|Any CPU
		{78DC11FA-E34D-44B4-BAF8-312BBE2ED38F}.Debug|Any CPU.Build.0 = Debug|Any CPU
		{78DC11FA-E34D-44B4-BAF8-312BBE2ED38F}.Release|Any CPU.ActiveCfg = Release|Any CPU
		{78DC11FA-E34D-44B4-BAF8-312BBE2ED38F}.Release|Any CPU.Build.0 = Release|Any CPU
	EndGlobalSection
	GlobalSection(SolutionProperties) = preSolution
		HideSolutionNode = FALSE
	EndGlobalSection
	GlobalSection(ExtensibilityGlobals) = postSolution
		SolutionGuid = {7A4C83D1-C00C-4FA2-8096-835EC48AA389}
	EndGlobalSection
EndGlobal
